
Microsoft Visual Studio Solution File, Format Version 12.00
# Visual Studio 15
VisualStudioVersion = 15.0.28307.757
MinimumVisualStudioVersion = 10.0.40219.1
Project("{FAE04EC0-301F-11D3-BF4B-00C04F79EFBC}") = "WindowsFormsApp1", "WindowsFormsApp1\WindowsFormsApp1.csproj", "{89E76A53-0388-4E2E-B899-2F4A1582E3ED}"
EndProject
Global
	GlobalSection(SolutionConfigurationPlatforms) = preSolution
		Debug|Any CPU = Debug|Any CPU
		Release|Any CPU = Release|Any CPU
	EndGlobalSection
	GlobalSection(ProjectConfigurationPlatforms) = postSolution
		{89E76A53-0388-4E2E-B899-2F4A1582E3ED}.Debug|Any CPU.ActiveCfg = Debug|Any CPU
		{89E76A53-0388-4E2E-B899-2F4A1582E3ED}.Debug|Any CPU.Build.0 = Debug|Any CPU
		{89E76A53-0388-4E2E-B899-2F4A1582E3ED}.Release|Any CPU.ActiveCfg = Release|Any CPU
		{89E76A53-0388-4E2E-B899-2F4A1582E3ED}.Release|Any CPU.Build.0 = Release|Any CPU
	EndGlobalSection
	GlobalSection(SolutionProperties) = preSolution
		HideSolutionNode = FALSE
	EndGlobalSection
	GlobalSection(ExtensibilityGlobals) = postSolution
		SolutionGuid = {511705D8-7375-4D09-BA9C-54BC3D8EB705}
	EndGlobalSection
EndGlobal
